// !$*UTF8*$!
{
	archiveVersion = 1;
	classes = {
	};
	objectVersion = 77;
	objects = {

/* Begin PBXBuildFile section */
		44DC99802D46F95C000A1E99 /* CloudKit.framework in Frameworks */ = {isa = PBXBuildFile; fileRef = 44DC997F2D46F95C000A1E99 /* CloudKit.framework */; };
/* End PBXBuildFile section */

/* Begin PBXContainerItemProxy section */
		448A7D332D19D585009BE119 /* PBXContainerItemProxy */ = {
			isa = PBXContainerItemProxy;
			containerPortal = 448A7D1A2D19D583009BE119 /* Project object */;
			proxyType = 1;
			remoteGlobalIDString = 448A7D212D19D583009BE119;
			remoteInfo = Packet;
		};
		448A7D3D2D19D585009BE119 /* PBXContainerItemProxy */ = {
			isa = PBXContainerItemProxy;
			containerPortal = 448A7D1A2D19D583009BE119 /* Project object */;
			proxyType = 1;
			remoteGlobalIDString = 448A7D212D19D583009BE119;
			remoteInfo = Packet;
		};
/* End PBXContainerItemProxy section */

/* Begin PBXFileReference section */
		448A7D222D19D583009BE119 /* Packet.app */ = {isa = PBXFileReference; explicitFileType = wrapper.application; includeInIndex = 0; path = Packet.app; sourceTree = BUILT_PRODUCTS_DIR; };
		448A7D322D19D585009BE119 /* PacketTests.xctest */ = {isa = PBXFileReference; explicitFileType = wrapper.cfbundle; includeInIndex = 0; path = PacketTests.xctest; sourceTree = BUILT_PRODUCTS_DIR; };
		448A7D3C2D19D585009BE119 /* PacketUITests.xctest */ = {isa = PBXFileReference; explicitFileType = wrapper.cfbundle; includeInIndex = 0; path = PacketUITests.xctest; sourceTree = BUILT_PRODUCTS_DIR; };
		44DC997F2D46F95C000A1E99 /* CloudKit.framework */ = {isa = PBXFileReference; lastKnownFileType = wrapper.framework; name = CloudKit.framework; path = System/Library/Frameworks/CloudKit.framework; sourceTree = SDKROOT; };
/* End PBXFileReference section */

/* Begin PBXFileSystemSynchronizedBuildFileExceptionSet section */
		44DC997D2D46E3E6000A1E99 /* Exceptions for "Packet" folder in "Packet" target */ = {
			isa = PBXFileSystemSynchronizedBuildFileExceptionSet;
			membershipExceptions = (
				Info.plist,
			);
			target = 448A7D212D19D583009BE119 /* Packet */;
		};
/* End PBXFileSystemSynchronizedBuildFileExceptionSet section */

/* Begin PBXFileSystemSynchronizedRootGroup section */
		448A7D242D19D583009BE119 /* Packet */ = {
			isa = PBXFileSystemSynchronizedRootGroup;
			exceptions = (
				44DC997D2D46E3E6000A1E99 /* Exceptions for "Packet" folder in "Packet" target */,
			);
			path = Packet;
			sourceTree = "<group>";
		};
		448A7D352D19D585009BE119 /* PacketTests */ = {
			isa = PBXFileSystemSynchronizedRootGroup;
			path = PacketTests;
			sourceTree = "<group>";
		};
		448A7D3F2D19D585009BE119 /* PacketUITests */ = {
			isa = PBXFileSystemSynchronizedRootGroup;
			path = PacketUITests;
			sourceTree = "<group>";
		};
/* End PBXFileSystemSynchronizedRootGroup section */

/* Begin PBXFrameworksBuildPhase section */
		448A7D1F2D19D583009BE119 /* Frameworks */ = {
			isa = PBXFrameworksBuildPhase;
			buildActionMask = 2147483647;
			files = (
				44DC99802D46F95C000A1E99 /* CloudKit.framework in Frameworks */,
			);
			runOnlyForDeploymentPostprocessing = 0;
		};
		448A7D2F2D19D585009BE119 /* Frameworks */ = {
			isa = PBXFrameworksBuildPhase;
			buildActionMask = 2147483647;
			files = (
			);
			runOnlyForDeploymentPostprocessing = 0;
		};
		448A7D392D19D585009BE119 /* Frameworks */ = {
			isa = PBXFrameworksBuildPhase;
			buildActionMask = 2147483647;
			files = (
			);
			runOnlyForDeploymentPostprocessing = 0;
		};
/* End PBXFrameworksBuildPhase section */

/* Begin PBXGroup section */
		448A7D192D19D583009BE119 = {
			isa = PBXGroup;
			children = (
				448A7D242D19D583009BE119 /* Packet */,
				448A7D352D19D585009BE119 /* PacketTests */,
				448A7D3F2D19D585009BE119 /* PacketUITests */,
				44DC997E2D46F95C000A1E99 /* Frameworks */,
				448A7D232D19D583009BE119 /* Products */,
			);
			sourceTree = "<group>";
		};
		448A7D232D19D583009BE119 /* Products */ = {
			isa = PBXGroup;
			children = (
				448A7D222D19D583009BE119 /* Packet.app */,
				448A7D322D19D585009BE119 /* PacketTests.xctest */,
				448A7D3C2D19D585009BE119 /* PacketUITests.xctest */,
			);
			name = Products;
			sourceTree = "<group>";
		};
		44DC997E2D46F95C000A1E99 /* Frameworks */ = {
			isa = PBXGroup;
			children = (
				44DC997F2D46F95C000A1E99 /* CloudKit.framework */,
			);
			name = Frameworks;
			sourceTree = "<group>";
		};
/* End PBXGroup section */

/* Begin PBXNativeTarget section */
		448A7D212D19D583009BE119 /* Packet */ = {
			isa = PBXNativeTarget;
			buildConfigurationList = 448A7D462D19D585009BE119 /* Build configuration list for PBXNativeTarget "Packet" */;
			buildPhases = (
				448A7D1E2D19D583009BE119 /* Sources */,
				448A7D1F2D19D583009BE119 /* Frameworks */,
				448A7D202D19D583009BE119 /* Resources */,
			);
			buildRules = (
			);
			dependencies = (
			);
			fileSystemSynchronizedGroups = (
				448A7D242D19D583009BE119 /* Packet */,
			);
			name = Packet;
			packageProductDependencies = (
			);
			productName = Packet;
			productReference = 448A7D222D19D583009BE119 /* Packet.app */;
			productType = "com.apple.product-type.application";
		};
		448A7D312D19D585009BE119 /* PacketTests */ = {
			isa = PBXNativeTarget;
			buildConfigurationList = 448A7D492D19D585009BE119 /* Build configuration list for PBXNativeTarget "PacketTests" */;
			buildPhases = (
				448A7D2E2D19D585009BE119 /* Sources */,
				448A7D2F2D19D585009BE119 /* Frameworks */,
				448A7D302D19D585009BE119 /* Resources */,
			);
			buildRules = (
			);
			dependencies = (
				448A7D342D19D585009BE119 /* PBXTargetDependency */,
			);
			fileSystemSynchronizedGroups = (
				448A7D352D19D585009BE119 /* PacketTests */,
			);
			name = PacketTests;
			packageProductDependencies = (
			);
			productName = PacketTests;
			productReference = 448A7D322D19D585009BE119 /* PacketTests.xctest */;
			productType = "com.apple.product-type.bundle.unit-test";
		};
		448A7D3B2D19D585009BE119 /* PacketUITests */ = {
			isa = PBXNativeTarget;
			buildConfigurationList = 448A7D4C2D19D585009BE119 /* Build configuration list for PBXNativeTarget "PacketUITests" */;
			buildPhases = (
				448A7D382D19D585009BE119 /* Sources */,
				448A7D392D19D585009BE119 /* Frameworks */,
				448A7D3A2D19D585009BE119 /* Resources */,
			);
			buildRules = (
			);
			dependencies = (
				448A7D3E2D19D585009BE119 /* PBXTargetDependency */,
			);
			fileSystemSynchronizedGroups = (
				448A7D3F2D19D585009BE119 /* PacketUITests */,
			);
			name = PacketUITests;
			packageProductDependencies = (
			);
			productName = PacketUITests;
			productReference = 448A7D3C2D19D585009BE119 /* PacketUITests.xctest */;
			productType = "com.apple.product-type.bundle.ui-testing";
		};
/* End PBXNativeTarget section */

/* Begin PBXProject section */
		448A7D1A2D19D583009BE119 /* Project object */ = {
			isa = PBXProject;
			attributes = {
				BuildIndependentTargetsInParallel = 1;
				LastSwiftUpdateCheck = 1620;
				LastUpgradeCheck = 1620;
				TargetAttributes = {
					448A7D212D19D583009BE119 = {
						CreatedOnToolsVersion = 16.2;
					};
					448A7D312D19D585009BE119 = {
						CreatedOnToolsVersion = 16.2;
						TestTargetID = 448A7D212D19D583009BE119;
					};
					448A7D3B2D19D585009BE119 = {
						CreatedOnToolsVersion = 16.2;
						TestTargetID = 448A7D212D19D583009BE119;
					};
				};
			};
			buildConfigurationList = 448A7D1D2D19D583009BE119 /* Build configuration list for PBXProject "Packet" */;
			developmentRegion = en;
			hasScannedForEncodings = 0;
			knownRegions = (
				en,
				Base,
			);
			mainGroup = 448A7D192D19D583009BE119;
			minimizedProjectReferenceProxies = 1;
			preferredProjectObjectVersion = 77;
			productRefGroup = 448A7D232D19D583009BE119 /* Products */;
			projectDirPath = "";
			projectRoot = "";
			targets = (
				448A7D212D19D583009BE119 /* Packet */,
				448A7D312D19D585009BE119 /* PacketTests */,
				448A7D3B2D19D585009BE119 /* PacketUITests */,
			);
		};
/* End PBXProject section */

/* Begin PBXResourcesBuildPhase section */
		448A7D202D19D583009BE119 /* Resources */ = {
			isa = PBXResourcesBuildPhase;
			buildActionMask = 2147483647;
			files = (
			);
			runOnlyForDeploymentPostprocessing = 0;
		};
		448A7D302D19D585009BE119 /* Resources */ = {
			isa = PBXResourcesBuildPhase;
			buildActionMask = 2147483647;
			files = (
			);
			runOnlyForDeploymentPostprocessing = 0;
		};
		448A7D3A2D19D585009BE119 /* Resources */ = {
			isa = PBXResourcesBuildPhase;
			buildActionMask = 2147483647;
			files = (
			);
			runOnlyForDeploymentPostprocessing = 0;
		};
/* End PBXResourcesBuildPhase section */

/* Begin PBXSourcesBuildPhase section */
		448A7D1E2D19D583009BE119 /* Sources */ = {
			isa = PBXSourcesBuildPhase;
			buildActionMask = 2147483647;
			files = (
			);
			runOnlyForDeploymentPostprocessing = 0;
		};
		448A7D2E2D19D585009BE119 /* Sources */ = {
			isa = PBXSourcesBuildPhase;
			buildActionMask = 2147483647;
			files = (
			);
			runOnlyForDeploymentPostprocessing = 0;
		};
		448A7D382D19D585009BE119 /* Sources */ = {
			isa = PBXSourcesBuildPhase;
			buildActionMask = 2147483647;
			files = (
			);
			runOnlyForDeploymentPostprocessing = 0;
		};
/* End PBXSourcesBuildPhase section */

/* Begin PBXTargetDependency section */
		448A7D342D19D585009BE119 /* PBXTargetDependency */ = {
			isa = PBXTargetDependency;
			target = 448A7D212D19D583009BE119 /* Packet */;
			targetProxy = 448A7D332D19D585009BE119 /* PBXContainerItemProxy */;
		};
		448A7D3E2D19D585009BE119 /* PBXTargetDependency */ = {
			isa = PBXTargetDependency;
			target = 448A7D212D19D583009BE119 /* Packet */;
			targetProxy = 448A7D3D2D19D585009BE119 /* PBXContainerItemProxy */;
		};
/* End PBXTargetDependency section */

/* Begin XCBuildConfiguration section */
		448A7D442D19D585009BE119 /* Debug */ = {
			isa = XCBuildConfiguration;
			buildSettings = {
				ALWAYS_SEARCH_USER_PATHS = NO;
				ASSETCATALOG_COMPILER_GENERATE_SWIFT_ASSET_SYMBOL_EXTENSIONS = YES;
				CLANG_ANALYZER_NONNULL = YES;
				CLANG_ANALYZER_NUMBER_OBJECT_CONVERSION = YES_AGGRESSIVE;
				CLANG_CXX_LANGUAGE_STANDARD = "gnu++20";
				CLANG_ENABLE_MODULES = YES;
				CLANG_ENABLE_OBJC_ARC = YES;
				CLANG_ENABLE_OBJC_WEAK = YES;
				CLANG_WARN_BLOCK_CAPTURE_AUTORELEASING = YES;
				CLANG_WARN_BOOL_CONVERSION = YES;
				CLANG_WARN_COMMA = YES;
				CLANG_WARN_CONSTANT_CONVERSION = YES;
				CLANG_WARN_DEPRECATED_OBJC_IMPLEMENTATIONS = YES;
				CLANG_WARN_DIRECT_OBJC_ISA_USAGE = YES_ERROR;
				CLANG_WARN_DOCUMENTATION_COMMENTS = YES;
				CLANG_WARN_EMPTY_BODY = YES;
				CLANG_WARN_ENUM_CONVERSION = YES;
				CLANG_WARN_INFINITE_RECURSION = YES;
				CLANG_WARN_INT_CONVERSION = YES;
				CLANG_WARN_NON_LITERAL_NULL_CONVERSION = YES;
				CLANG_WARN_OBJC_IMPLICIT_RETAIN_SELF = YES;
				CLANG_WARN_OBJC_LITERAL_CONVERSION = YES;
				CLANG_WARN_OBJC_ROOT_CLASS = YES_ERROR;
				CLANG_WARN_QUOTED_INCLUDE_IN_FRAMEWORK_HEADER = YES;
				CLANG_WARN_RANGE_LOOP_ANALYSIS = YES;
				CLANG_WARN_STRICT_PROTOTYPES = YES;
				CLANG_WARN_SUSPICIOUS_MOVE = YES;
				CLANG_WARN_UNGUARDED_AVAILABILITY = YES_AGGRESSIVE;
				CLANG_WARN_UNREACHABLE_CODE = YES;
				CLANG_WARN__DUPLICATE_METHOD_MATCH = YES;
				COPY_PHASE_STRIP = NO;
				DEBUG_INFORMATION_FORMAT = dwarf;
				ENABLE_STRICT_OBJC_MSGSEND = YES;
				ENABLE_TESTABILITY = YES;
				ENABLE_USER_SCRIPT_SANDBOXING = YES;
				GCC_C_LANGUAGE_STANDARD = gnu17;
				GCC_DYNAMIC_NO_PIC = NO;
				GCC_NO_COMMON_BLOCKS = YES;
				GCC_OPTIMIZATION_LEVEL = 0;
				GCC_PREPROCESSOR_DEFINITIONS = (
					"DEBUG=1",
					"$(inherited)",
				);
				GCC_WARN_64_TO_32_BIT_CONVERSION = YES;
				GCC_WARN_ABOUT_RETURN_TYPE = YES_ERROR;
				GCC_WARN_UNDECLARED_SELECTOR = YES;
				GCC_WARN_UNINITIALIZED_AUTOS = YES_AGGRESSIVE;
				GCC_WARN_UNUSED_FUNCTION = YES;
				GCC_WARN_UNUSED_VARIABLE = YES;
				IPHONEOS_DEPLOYMENT_TARGET = 18.2;
				LOCALIZATION_PREFERS_STRING_CATALOGS = YES;
				MTL_ENABLE_DEBUG_INFO = INCLUDE_SOURCE;
				MTL_FAST_MATH = YES;
				ONLY_ACTIVE_ARCH = YES;
				SDKROOT = iphoneos;
				SWIFT_ACTIVE_COMPILATION_CONDITIONS = "DEBUG $(inherited)";
				SWIFT_OPTIMIZATION_LEVEL = "-Onone";
			};
			name = Debug;
		};
		448A7D452D19D585009BE119 /* Release */ = {
			isa = XCBuildConfiguration;
			buildSettings = {
				ALWAYS_SEARCH_USER_PATHS = NO;
				ASSETCATALOG_COMPILER_GENERATE_SWIFT_ASSET_SYMBOL_EXTENSIONS = YES;
				CLANG_ANALYZER_NONNULL = YES;
				CLANG_ANALYZER_NUMBER_OBJECT_CONVERSION = YES_AGGRESSIVE;
				CLANG_CXX_LANGUAGE_STANDARD = "gnu++20";
				CLANG_ENABLE_MODULES = YES;
				CLANG_ENABLE_OBJC_ARC = YES;
				CLANG_ENABLE_OBJC_WEAK = YES;
				CLANG_WARN_BLOCK_CAPTURE_AUTORELEASING = YES;
				CLANG_WARN_BOOL_CONVERSION = YES;
				CLANG_WARN_COMMA = YES;
				CLANG_WARN_CONSTANT_CONVERSION = YES;
				CLANG_WARN_DEPRECATED_OBJC_IMPLEMENTATIONS = YES;
				CLANG_WARN_DIRECT_OBJC_ISA_USAGE = YES_ERROR;
				CLANG_WARN_DOCUMENTATION_COMMENTS = YES;
				CLANG_WARN_EMPTY_BODY = YES;
				CLANG_WARN_ENUM_CONVERSION = YES;
				CLANG_WARN_INFINITE_RECURSION = YES;
				CLANG_WARN_INT_CONVERSION = YES;
				CLANG_WARN_NON_LITERAL_NULL_CONVERSION = YES;
				CLANG_WARN_OBJC_IMPLICIT_RETAIN_SELF = YES;
				CLANG_WARN_OBJC_LITERAL_CONVERSION = YES;
				CLANG_WARN_OBJC_ROOT_CLASS = YES_ERROR;
				CLANG_WARN_QUOTED_INCLUDE_IN_FRAMEWORK_HEADER = YES;
				CLANG_WARN_RANGE_LOOP_ANALYSIS = YES;
				CLANG_WARN_STRICT_PROTOTYPES = YES;
				CLANG_WARN_SUSPICIOUS_MOVE = YES;
				CLANG_WARN_UNGUARDED_AVAILABILITY = YES_AGGRESSIVE;
				CLANG_WARN_UNREACHABLE_CODE = YES;
				CLANG_WARN__DUPLICATE_METHOD_MATCH = YES;
				COPY_PHASE_STRIP = NO;
				DEBUG_INFORMATION_FORMAT = "dwarf-with-dsym";
				ENABLE_NS_ASSERTIONS = NO;
				ENABLE_STRICT_OBJC_MSGSEND = YES;
				ENABLE_USER_SCRIPT_SANDBOXING = YES;
				GCC_C_LANGUAGE_STANDARD = gnu17;
				GCC_NO_COMMON_BLOCKS = YES;
				GCC_WARN_64_TO_32_BIT_CONVERSION = YES;
				GCC_WARN_ABOUT_RETURN_TYPE = YES_ERROR;
				GCC_WARN_UNDECLARED_SELECTOR = YES;
				GCC_WARN_UNINITIALIZED_AUTOS = YES_AGGRESSIVE;
				GCC_WARN_UNUSED_FUNCTION = YES;
				GCC_WARN_UNUSED_VARIABLE = YES;
				IPHONEOS_DEPLOYMENT_TARGET = 18.2;
				LOCALIZATION_PREFERS_STRING_CATALOGS = YES;
				MTL_ENABLE_DEBUG_INFO = NO;
				MTL_FAST_MATH = YES;
				SDKROOT = iphoneos;
				SWIFT_COMPILATION_MODE = wholemodule;
				VALIDATE_PRODUCT = YES;
			};
			name = Release;
		};
		448A7D472D19D585009BE119 /* Debug */ = {
			isa = XCBuildConfiguration;
			buildSettings = {
				ASSETCATALOG_COMPILER_APPICON_NAME = AppIcon;
				ASSETCATALOG_COMPILER_GLOBAL_ACCENT_COLOR_NAME = AccentColor;
				CODE_SIGN_ENTITLEMENTS = Packet/Packet.entitlements;
				CODE_SIGN_STYLE = Automatic;
				CURRENT_PROJECT_VERSION = 1;
				DEVELOPMENT_ASSET_PATHS = "\"Packet/Preview Content\"";
				DEVELOPMENT_TEAM = 4X27SQGVCG;
				ENABLE_PREVIEWS = YES;
				GENERATE_INFOPLIST_FILE = YES;
				INFOPLIST_FILE = Packet/Info.plist;
				INFOPLIST_KEY_UIApplicationSceneManifest_Generation = YES;
				INFOPLIST_KEY_UIApplicationSupportsIndirectInputEvents = YES;
				INFOPLIST_KEY_UILaunchScreen_Generation = YES;
				INFOPLIST_KEY_UISupportedInterfaceOrientations_iPad = "UIInterfaceOrientationPortrait UIInterfaceOrientationPortraitUpsideDown UIInterfaceOrientationLandscapeLeft UIInterfaceOrientationLandscapeRight";
				INFOPLIST_KEY_UISupportedInterfaceOrientations_iPhone = "UIInterfaceOrientationPortrait UIInterfaceOrientationLandscapeLeft UIInterfaceOrientationLandscapeRight";
				LD_RUNPATH_SEARCH_PATHS = (
					"$(inherited)",
					"@executable_path/Frameworks",
				);
				MARKETING_VERSION = 1.0;
				PRODUCT_BUNDLE_IDENTIFIER = com.leiaspagnola.Packet;
				PRODUCT_NAME = "$(TARGET_NAME)";
				SWIFT_EMIT_LOC_STRINGS = YES;
				SWIFT_VERSION = 5.0;
				TARGETED_DEVICE_FAMILY = "1,2";
			};
			name = Debug;
		};
		448A7D482D19D585009BE119 /* Release */ = {
			isa = XCBuildConfiguration;
			buildSettings = {
				ASSETCATALOG_COMPILER_APPICON_NAME = AppIcon;
				ASSETCATALOG_COMPILER_GLOBAL_ACCENT_COLOR_NAME = AccentColor;
				CODE_SIGN_ENTITLEMENTS = Packet/Packet.entitlements;
				CODE_SIGN_STYLE = Automatic;
				CURRENT_PROJECT_VERSION = 1;
				DEVELOPMENT_ASSET_PATHS = "\"Packet/Preview Content\"";
				DEVELOPMENT_TEAM = 4X27SQGVCG;
				ENABLE_PREVIEWS = YES;
				GENERATE_INFOPLIST_FILE = YES;
				INFOPLIST_FILE = Packet/Info.plist;
				INFOPLIST_KEY_UIApplicationSceneManifest_Generation = YES;
				INFOPLIST_KEY_UIApplicationSupportsIndirectInputEvents = YES;
				INFOPLIST_KEY_UILaunchScreen_Generation = YES;
				INFOPLIST_KEY_UISupportedInterfaceOrientations_iPad = "UIInterfaceOrientationPortrait UIInterfaceOrientationPortraitUpsideDown UIInterfaceOrientationLandscapeLeft UIInterfaceOrientationLandscapeRight";
				INFOPLIST_KEY_UISupportedInterfaceOrientations_iPhone = "UIInterfaceOrientationPortrait UIInterfaceOrientationLandscapeLeft UIInterfaceOrientationLandscapeRight";
				LD_RUNPATH_SEARCH_PATHS = (
					"$(inherited)",
					"@executable_path/Frameworks",
				);
				MARKETING_VERSION = 1.0;
				PRODUCT_BUNDLE_IDENTIFIER = com.leiaspagnola.Packet;
				PRODUCT_NAME = "$(TARGET_NAME)";
				SWIFT_EMIT_LOC_STRINGS = YES;
				SWIFT_VERSION = 5.0;
				TARGETED_DEVICE_FAMILY = "1,2";
			};
			name = Release;
		};
		448A7D4A2D19D585009BE119 /* Debug */ = {
			isa = XCBuildConfiguration;
			buildSettings = {
				BUNDLE_LOADER = "$(TEST_HOST)";
				CODE_SIGN_STYLE = Automatic;
				CURRENT_PROJECT_VERSION = 1;
				DEVELOPMENT_TEAM = 4X27SQGVCG;
				GENERATE_INFOPLIST_FILE = YES;
				IPHONEOS_DEPLOYMENT_TARGET = 18.2;
				MARKETING_VERSION = 1.0;
				PRODUCT_BUNDLE_IDENTIFIER = com.leiaspagnola.PacketTests;
				PRODUCT_NAME = "$(TARGET_NAME)";
				SWIFT_EMIT_LOC_STRINGS = NO;
				SWIFT_VERSION = 5.0;
				TARGETED_DEVICE_FAMILY = "1,2";
				TEST_HOST = "$(BUILT_PRODUCTS_DIR)/Packet.app/$(BUNDLE_EXECUTABLE_FOLDER_PATH)/Packet";
			};
			name = Debug;
		};
		448A7D4B2D19D585009BE119 /* Release */ = {
			isa = XCBuildConfiguration;
			buildSettings = {
				BUNDLE_LOADER = "$(TEST_HOST)";
				CODE_SIGN_STYLE = Automatic;
				CURRENT_PROJECT_VERSION = 1;
				DEVELOPMENT_TEAM = 4X27SQGVCG;
				GENERATE_INFOPLIST_FILE = YES;
				IPHONEOS_DEPLOYMENT_TARGET = 18.2;
				MARKETING_VERSION = 1.0;
				PRODUCT_BUNDLE_IDENTIFIER = com.leiaspagnola.PacketTests;
				PRODUCT_NAME = "$(TARGET_NAME)";
				SWIFT_EMIT_LOC_STRINGS = NO;
				SWIFT_VERSION = 5.0;
				TARGETED_DEVICE_FAMILY = "1,2";
				TEST_HOST = "$(BUILT_PRODUCTS_DIR)/Packet.app/$(BUNDLE_EXECUTABLE_FOLDER_PATH)/Packet";
			};
			name = Release;
		};
		448A7D4D2D19D585009BE119 /* Debug */ = {
			isa = XCBuildConfiguration;
			buildSettings = {
				CODE_SIGN_STYLE = Automatic;
				CURRENT_PROJECT_VERSION = 1;
				DEVELOPMENT_TEAM = 4X27SQGVCG;
				GENERATE_INFOPLIST_FILE = YES;
				MARKETING_VERSION = 1.0;
				PRODUCT_BUNDLE_IDENTIFIER = com.leiaspagnola.PacketUITests;
				PRODUCT_NAME = "$(TARGET_NAME)";
				SWIFT_EMIT_LOC_STRINGS = NO;
				SWIFT_VERSION = 5.0;
				TARGETED_DEVICE_FAMILY = "1,2";
				TEST_TARGET_NAME = Packet;
			};
			name = Debug;
		};
		448A7D4E2D19D585009BE119 /* Release */ = {
			isa = XCBuildConfiguration;
			buildSettings = {
				CODE_SIGN_STYLE = Automatic;
				CURRENT_PROJECT_VERSION = 1;
				DEVELOPMENT_TEAM = 4X27SQGVCG;
				GENERATE_INFOPLIST_FILE = YES;
				MARKETING_VERSION = 1.0;
				PRODUCT_BUNDLE_IDENTIFIER = com.leiaspagnola.PacketUITests;
				PRODUCT_NAME = "$(TARGET_NAME)";
				SWIFT_EMIT_LOC_STRINGS = NO;
				SWIFT_VERSION = 5.0;
				TARGETED_DEVICE_FAMILY = "1,2";
				TEST_TARGET_NAME = Packet;
			};
			name = Release;
		};
/* End XCBuildConfiguration section */

/* Begin XCConfigurationList section */
		448A7D1D2D19D583009BE119 /* Build configuration list for PBXProject "Packet" */ = {
			isa = XCConfigurationList;
			buildConfigurations = (
				448A7D442D19D585009BE119 /* Debug */,
				448A7D452D19D585009BE119 /* Release */,
			);
			defaultConfigurationIsVisible = 0;
			defaultConfigurationName = Release;
		};
		448A7D462D19D585009BE119 /* Build configuration list for PBXNativeTarget "Packet" */ = {
			isa = XCConfigurationList;
			buildConfigurations = (
				448A7D472D19D585009BE119 /* Debug */,
				448A7D482D19D585009BE119 /* Release */,
			);
			defaultConfigurationIsVisible = 0;
			defaultConfigurationName = Release;
		};
		448A7D492D19D585009BE119 /* Build configuration list for PBXNativeTarget "PacketTests" */ = {
			isa = XCConfigurationList;
			buildConfigurations = (
				448A7D4A2D19D585009BE119 /* Debug */,
				448A7D4B2D19D585009BE119 /* Release */,
			);
			defaultConfigurationIsVisible = 0;
			defaultConfigurationName = Release;
		};
		448A7D4C2D19D585009BE119 /* Build configuration list for PBXNativeTarget "PacketUITests" */ = {
			isa = XCConfigurationList;
			buildConfigurations = (
				448A7D4D2D19D585009BE119 /* Debug */,
				448A7D4E2D19D585009BE119 /* Release */,
			);
			defaultConfigurationIsVisible = 0;
			defaultConfigurationName = Release;
		};
/* End XCConfigurationList section */
	};
	rootObject = 448A7D1A2D19D583009BE119 /* Project object */;
}
